// !$*UTF8*$!
{
	archiveVersion = 1;
	classes = {
	};
	objectVersion = 51;
	objects = {

/* Begin PBXBuildFile section */
		AD9284B5DF409F8F25ADF0E4 /* Pods_LSHUDView.framework in Frameworks */ = {isa = PBXBuildFile; fileRef = 8CA585322650617665986735 /* Pods_LSHUDView.framework */; };
		F37C2F1D23C324F400AA92C5 /* AppDelegate.m in Sources */ = {isa = PBXBuildFile; fileRef = F37C2F1C23C324F400AA92C5 /* AppDelegate.m */; };
		F37C2F2023C324F400AA92C5 /* SceneDelegate.m in Sources */ = {isa = PBXBuildFile; fileRef = F37C2F1F23C324F400AA92C5 /* SceneDelegate.m */; };
		F37C2F2323C324F400AA92C5 /* ViewController.m in Sources */ = {isa = PBXBuildFile; fileRef = F37C2F2223C324F400AA92C5 /* ViewController.m */; };
		F37C2F2623C324F400AA92C5 /* Main.storyboard in Resources */ = {isa = PBXBuildFile; fileRef = F37C2F2423C324F400AA92C5 /* Main.storyboard */; };
		F37C2F2823C324F600AA92C5 /* Assets.xcassets in Resources */ = {isa = PBXBuildFile; fileRef = F37C2F2723C324F600AA92C5 /* Assets.xcassets */; };
		F37C2F2B23C324F600AA92C5 /* LaunchScreen.storyboard in Resources */ = {isa = PBXBuildFile; fileRef = F37C2F2923C324F600AA92C5 /* LaunchScreen.storyboard */; };
		F37C2F2E23C324F600AA92C5 /* main.m in Sources */ = {isa = PBXBuildFile; fileRef = F37C2F2D23C324F600AA92C5 /* main.m */; };
		F37C2F3823C324F600AA92C5 /* LSHUDViewTests.m in Sources */ = {isa = PBXBuildFile; fileRef = F37C2F3723C324F600AA92C5 /* LSHUDViewTests.m */; };
		F37C2F4323C324F600AA92C5 /* LSHUDViewUITests.m in Sources */ = {isa = PBXBuildFile; fileRef = F37C2F4223C324F600AA92C5 /* LSHUDViewUITests.m */; };
		F37C2F5723C3279400AA92C5 /* LSSuccessView.m in Sources */ = {isa = PBXBuildFile; fileRef = F37C2F5223C3279400AA92C5 /* LSSuccessView.m */; };
		F37C2F5823C3279400AA92C5 /* LSFailView.m in Sources */ = {isa = PBXBuildFile; fileRef = F37C2F5323C3279400AA92C5 /* LSFailView.m */; };
		F37C2F5923C3279400AA92C5 /* LSHUDView.m in Sources */ = {isa = PBXBuildFile; fileRef = F37C2F5623C3279400AA92C5 /* LSHUDView.m */; };
/* End PBXBuildFile section */

/* Begin PBXContainerItemProxy section */
		F37C2F3423C324F600AA92C5 /* PBXContainerItemProxy */ = {
			isa = PBXContainerItemProxy;
			containerPortal = F37C2F1023C324F400AA92C5 /* Project object */;
			proxyType = 1;
			remoteGlobalIDString = F37C2F1723C324F400AA92C5;
			remoteInfo = LSHUDView;
		};
		F37C2F3F23C324F600AA92C5 /* PBXContainerItemProxy */ = {
			isa = PBXContainerItemProxy;
			containerPortal = F37C2F1023C324F400AA92C5 /* Project object */;
			proxyType = 1;
			remoteGlobalIDString = F37C2F1723C324F400AA92C5;
			remoteInfo = LSHUDView;
		};
/* End PBXContainerItemProxy section */

/* Begin PBXFileReference section */
		150616675A22A81E02F5A361 /* Pods-LSHUDView.debug.xcconfig */ = {isa = PBXFileReference; includeInIndex = 1; lastKnownFileType = text.xcconfig; name = "Pods-LSHUDView.debug.xcconfig"; path = "Target Support Files/Pods-LSHUDView/Pods-LSHUDView.debug.xcconfig"; sourceTree = "<group>"; };
		8CA585322650617665986735 /* Pods_LSHUDView.framework */ = {isa = PBXFileReference; explicitFileType = wrapper.framework; includeInIndex = 0; path = Pods_LSHUDView.framework; sourceTree = BUILT_PRODUCTS_DIR; };
		A9E45F450F9D2168445FA85A /* Pods-LSHUDView.release.xcconfig */ = {isa = PBXFileReference; includeInIndex = 1; lastKnownFileType = text.xcconfig; name = "Pods-LSHUDView.release.xcconfig"; path = "Target Support Files/Pods-LSHUDView/Pods-LSHUDView.release.xcconfig"; sourceTree = "<group>"; };
		F37C2F1823C324F400AA92C5 /* LSHUDView.app */ = {isa = PBXFileReference; explicitFileType = wrapper.application; includeInIndex = 0; path = LSHUDView.app; sourceTree = BUILT_PRODUCTS_DIR; };
		F37C2F1B23C324F400AA92C5 /* AppDelegate.h */ = {isa = PBXFileReference; lastKnownFileType = sourcecode.c.h; path = AppDelegate.h; sourceTree = "<group>"; };
		F37C2F1C23C324F400AA92C5 /* AppDelegate.m */ = {isa = PBXFileReference; lastKnownFileType = sourcecode.c.objc; path = AppDelegate.m; sourceTree = "<group>"; };
		F37C2F1E23C324F400AA92C5 /* SceneDelegate.h */ = {isa = PBXFileReference; lastKnownFileType = sourcecode.c.h; path = SceneDelegate.h; sourceTree = "<group>"; };
		F37C2F1F23C324F400AA92C5 /* SceneDelegate.m */ = {isa = PBXFileReference; lastKnownFileType = sourcecode.c.objc; path = SceneDelegate.m; sourceTree = "<group>"; };
		F37C2F2123C324F400AA92C5 /* ViewController.h */ = {isa = PBXFileReference; lastKnownFileType = sourcecode.c.h; path = ViewController.h; sourceTree = "<group>"; };
		F37C2F2223C324F400AA92C5 /* ViewController.m */ = {isa = PBXFileReference; lastKnownFileType = sourcecode.c.objc; path = ViewController.m; sourceTree = "<group>"; };
		F37C2F2523C324F400AA92C5 /* Base */ = {isa = PBXFileReference; lastKnownFileType = file.storyboard; name = Base; path = Base.lproj/Main.storyboard; sourceTree = "<group>"; };
		F37C2F2723C324F600AA92C5 /* Assets.xcassets */ = {isa = PBXFileReference; lastKnownFileType = folder.assetcatalog; path = Assets.xcassets; sourceTree = "<group>"; };
		F37C2F2A23C324F600AA92C5 /* Base */ = {isa = PBXFileReference; lastKnownFileType = file.storyboard; name = Base; path = Base.lproj/LaunchScreen.storyboard; sourceTree = "<group>"; };
		F37C2F2C23C324F600AA92C5 /* Info.plist */ = {isa = PBXFileReference; lastKnownFileType = text.plist.xml; path = Info.plist; sourceTree = "<group>"; };
		F37C2F2D23C324F600AA92C5 /* main.m */ = {isa = PBXFileReference; lastKnownFileType = sourcecode.c.objc; path = main.m; sourceTree = "<group>"; };
		F37C2F3323C324F600AA92C5 /* LSHUDViewTests.xctest */ = {isa = PBXFileReference; explicitFileType = wrapper.cfbundle; includeInIndex = 0; path = LSHUDViewTests.xctest; sourceTree = BUILT_PRODUCTS_DIR; };
		F37C2F3723C324F600AA92C5 /* LSHUDViewTests.m */ = {isa = PBXFileReference; lastKnownFileType = sourcecode.c.objc; path = LSHUDViewTests.m; sourceTree = "<group>"; };
		F37C2F3923C324F600AA92C5 /* Info.plist */ = {isa = PBXFileReference; lastKnownFileType = text.plist.xml; path = Info.plist; sourceTree = "<group>"; };
		F37C2F3E23C324F600AA92C5 /* LSHUDViewUITests.xctest */ = {isa = PBXFileReference; explicitFileType = wrapper.cfbundle; includeInIndex = 0; path = LSHUDViewUITests.xctest; sourceTree = BUILT_PRODUCTS_DIR; };
		F37C2F4223C324F600AA92C5 /* LSHUDViewUITests.m */ = {isa = PBXFileReference; lastKnownFileType = sourcecode.c.objc; path = LSHUDViewUITests.m; sourceTree = "<group>"; };
		F37C2F4423C324F600AA92C5 /* Info.plist */ = {isa = PBXFileReference; lastKnownFileType = text.plist.xml; path = Info.plist; sourceTree = "<group>"; };
		F37C2F5123C3279400AA92C5 /* LSHUDView.h */ = {isa = PBXFileReference; fileEncoding = 4; lastKnownFileType = sourcecode.c.h; path = LSHUDView.h; sourceTree = "<group>"; };
		F37C2F5223C3279400AA92C5 /* LSSuccessView.m */ = {isa = PBXFileReference; fileEncoding = 4; lastKnownFileType = sourcecode.c.objc; path = LSSuccessView.m; sourceTree = "<group>"; };
		F37C2F5323C3279400AA92C5 /* LSFailView.m */ = {isa = PBXFileReference; fileEncoding = 4; lastKnownFileType = sourcecode.c.objc; path = LSFailView.m; sourceTree = "<group>"; };
		F37C2F5423C3279400AA92C5 /* LSSuccessView.h */ = {isa = PBXFileReference; fileEncoding = 4; lastKnownFileType = sourcecode.c.h; path = LSSuccessView.h; sourceTree = "<group>"; };
		F37C2F5523C3279400AA92C5 /* LSFailView.h */ = {isa = PBXFileReference; fileEncoding = 4; lastKnownFileType = sourcecode.c.h; path = LSFailView.h; sourceTree = "<group>"; };
		F37C2F5623C3279400AA92C5 /* LSHUDView.m */ = {isa = PBXFileReference; fileEncoding = 4; lastKnownFileType = sourcecode.c.objc; path = LSHUDView.m; sourceTree = "<group>"; };
/* End PBXFileReference section */

/* Begin PBXFrameworksBuildPhase section */
		F37C2F1523C324F400AA92C5 /* Frameworks */ = {
			isa = PBXFrameworksBuildPhase;
			buildActionMask = 2147483647;
			files = (
				AD9284B5DF409F8F25ADF0E4 /* Pods_LSHUDView.framework in Frameworks */,
			);
			runOnlyForDeploymentPostprocessing = 0;
		};
		F37C2F3023C324F600AA92C5 /* Frameworks */ = {
			isa = PBXFrameworksBuildPhase;
			buildActionMask = 2147483647;
			files = (
			);
			runOnlyForDeploymentPostprocessing = 0;
		};
		F37C2F3B23C324F600AA92C5 /* Frameworks */ = {
			isa = PBXFrameworksBuildPhase;
			buildActionMask = 2147483647;
			files = (
			);
			runOnlyForDeploymentPostprocessing = 0;
		};
/* End PBXFrameworksBuildPhase section */

/* Begin PBXGroup section */
		DA258B3B598E87CC7460B367 /* Pods */ = {
			isa = PBXGroup;
			children = (
				150616675A22A81E02F5A361 /* Pods-LSHUDView.debug.xcconfig */,
				A9E45F450F9D2168445FA85A /* Pods-LSHUDView.release.xcconfig */,
			);
			path = Pods;
			sourceTree = "<group>";
		};
		F37C2F0F23C324F400AA92C5 = {
			isa = PBXGroup;
			children = (
				F37C2F1A23C324F400AA92C5 /* LSHUDView */,
				F37C2F3623C324F600AA92C5 /* LSHUDViewTests */,
				F37C2F4123C324F600AA92C5 /* LSHUDViewUITests */,
				F37C2F1923C324F400AA92C5 /* Products */,
				DA258B3B598E87CC7460B367 /* Pods */,
				FEF76B51D2FA625B788F3EF0 /* Frameworks */,
			);
			sourceTree = "<group>";
		};
		F37C2F1923C324F400AA92C5 /* Products */ = {
			isa = PBXGroup;
			children = (
				F37C2F1823C324F400AA92C5 /* LSHUDView.app */,
				F37C2F3323C324F600AA92C5 /* LSHUDViewTests.xctest */,
				F37C2F3E23C324F600AA92C5 /* LSHUDViewUITests.xctest */,
			);
			name = Products;
			sourceTree = "<group>";
		};
		F37C2F1A23C324F400AA92C5 /* LSHUDView */ = {
			isa = PBXGroup;
			children = (
				F37C2F5023C3250500AA92C5 /* HUD */,
				F37C2F1B23C324F400AA92C5 /* AppDelegate.h */,
				F37C2F1C23C324F400AA92C5 /* AppDelegate.m */,
				F37C2F1E23C324F400AA92C5 /* SceneDelegate.h */,
				F37C2F1F23C324F400AA92C5 /* SceneDelegate.m */,
				F37C2F2123C324F400AA92C5 /* ViewController.h */,
				F37C2F2223C324F400AA92C5 /* ViewController.m */,
				F37C2F2423C324F400AA92C5 /* Main.storyboard */,
				F37C2F2723C324F600AA92C5 /* Assets.xcassets */,
				F37C2F2923C324F600AA92C5 /* LaunchScreen.storyboard */,
				F37C2F2C23C324F600AA92C5 /* Info.plist */,
				F37C2F2D23C324F600AA92C5 /* main.m */,
			);
			path = LSHUDView;
			sourceTree = "<group>";
		};
		F37C2F3623C324F600AA92C5 /* LSHUDViewTests */ = {
			isa = PBXGroup;
			children = (
				F37C2F3723C324F600AA92C5 /* LSHUDViewTests.m */,
				F37C2F3923C324F600AA92C5 /* Info.plist */,
			);
			path = LSHUDViewTests;
			sourceTree = "<group>";
		};
		F37C2F4123C324F600AA92C5 /* LSHUDViewUITests */ = {
			isa = PBXGroup;
			children = (
				F37C2F4223C324F600AA92C5 /* LSHUDViewUITests.m */,
				F37C2F4423C324F600AA92C5 /* Info.plist */,
			);
			path = LSHUDViewUITests;
			sourceTree = "<group>";
		};
		F37C2F5023C3250500AA92C5 /* HUD */ = {
			isa = PBXGroup;
			children = (
				F37C2F5523C3279400AA92C5 /* LSFailView.h */,
				F37C2F5323C3279400AA92C5 /* LSFailView.m */,
				F37C2F5123C3279400AA92C5 /* LSHUDView.h */,
				F37C2F5623C3279400AA92C5 /* LSHUDView.m */,
				F37C2F5423C3279400AA92C5 /* LSSuccessView.h */,
				F37C2F5223C3279400AA92C5 /* LSSuccessView.m */,
			);
			path = HUD;
			sourceTree = "<group>";
		};
		FEF76B51D2FA625B788F3EF0 /* Frameworks */ = {
			isa = PBXGroup;
			children = (
				8CA585322650617665986735 /* Pods_LSHUDView.framework */,
			);
			name = Frameworks;
			sourceTree = "<group>";
		};
/* End PBXGroup section */

/* Begin PBXNativeTarget section */
		F37C2F1723C324F400AA92C5 /* LSHUDView */ = {
			isa = PBXNativeTarget;
			buildConfigurationList = F37C2F4723C324F600AA92C5 /* Build configuration list for PBXNativeTarget "LSHUDView" */;
			buildPhases = (
				036C3A6491C86054FA5BE193 /* [CP] Check Pods Manifest.lock */,
				F37C2F1423C324F400AA92C5 /* Sources */,
				F37C2F1523C324F400AA92C5 /* Frameworks */,
				F37C2F1623C324F400AA92C5 /* Resources */,
				BFC3F42EC2D0C393EB6EEDB5 /* [CP] Embed Pods Frameworks */,
			);
			buildRules = (
			);
			dependencies = (
			);
			name = LSHUDView;
			productName = LSHUDView;
			productReference = F37C2F1823C324F400AA92C5 /* LSHUDView.app */;
			productType = "com.apple.product-type.application";
		};
		F37C2F3223C324F600AA92C5 /* LSHUDViewTests */ = {
			isa = PBXNativeTarget;
			buildConfigurationList = F37C2F4A23C324F600AA92C5 /* Build configuration list for PBXNativeTarget "LSHUDViewTests" */;
			buildPhases = (
				F37C2F2F23C324F600AA92C5 /* Sources */,
				F37C2F3023C324F600AA92C5 /* Frameworks */,
				F37C2F3123C324F600AA92C5 /* Resources */,
			);
			buildRules = (
			);
			dependencies = (
				F37C2F3523C324F600AA92C5 /* PBXTargetDependency */,
			);
			name = LSHUDViewTests;
			productName = LSHUDViewTests;
			productReference = F37C2F3323C324F600AA92C5 /* LSHUDViewTests.xctest */;
			productType = "com.apple.product-type.bundle.unit-test";
		};
		F37C2F3D23C324F600AA92C5 /* LSHUDViewUITests */ = {
			isa = PBXNativeTarget;
			buildConfigurationList = F37C2F4D23C324F600AA92C5 /* Build configuration list for PBXNativeTarget "LSHUDViewUITests" */;
			buildPhases = (
				F37C2F3A23C324F600AA92C5 /* Sources */,
				F37C2F3B23C324F600AA92C5 /* Frameworks */,
				F37C2F3C23C324F600AA92C5 /* Resources */,
			);
			buildRules = (
			);
			dependencies = (
				F37C2F4023C324F600AA92C5 /* PBXTargetDependency */,
			);
			name = LSHUDViewUITests;
			productName = LSHUDViewUITests;
			productReference = F37C2F3E23C324F600AA92C5 /* LSHUDViewUITests.xctest */;
			productType = "com.apple.product-type.bundle.ui-testing";
		};
/* End PBXNativeTarget section */

/* Begin PBXProject section */
		F37C2F1023C324F400AA92C5 /* Project object */ = {
			isa = PBXProject;
			attributes = {
				LastUpgradeCheck = 1120;
				ORGANIZATIONNAME = Lisisi;
				TargetAttributes = {
					F37C2F1723C324F400AA92C5 = {
						CreatedOnToolsVersion = 11.2.1;
					};
					F37C2F3223C324F600AA92C5 = {
						CreatedOnToolsVersion = 11.2.1;
						TestTargetID = F37C2F1723C324F400AA92C5;
					};
					F37C2F3D23C324F600AA92C5 = {
						CreatedOnToolsVersion = 11.2.1;
						TestTargetID = F37C2F1723C324F400AA92C5;
					};
				};
			};
			buildConfigurationList = F37C2F1323C324F400AA92C5 /* Build configuration list for PBXProject "LSHUDView" */;
			compatibilityVersion = "Xcode 9.3";
			developmentRegion = en;
			hasScannedForEncodings = 0;
			knownRegions = (
				en,
				Base,
			);
			mainGroup = F37C2F0F23C324F400AA92C5;
			productRefGroup = F37C2F1923C324F400AA92C5 /* Products */;
			projectDirPath = "";
			projectRoot = "";
			targets = (
				F37C2F1723C324F400AA92C5 /* LSHUDView */,
				F37C2F3223C324F600AA92C5 /* LSHUDViewTests */,
				F37C2F3D23C324F600AA92C5 /* LSHUDViewUITests */,
			);
		};
/* End PBXProject section */

/* Begin PBXResourcesBuildPhase section */
		F37C2F1623C324F400AA92C5 /* Resources */ = {
			isa = PBXResourcesBuildPhase;
			buildActionMask = 2147483647;
			files = (
				F37C2F2B23C324F600AA92C5 /* LaunchScreen.storyboard in Resources */,
				F37C2F2823C324F600AA92C5 /* Assets.xcassets in Resources */,
				F37C2F2623C324F400AA92C5 /* Main.storyboard in Resources */,
			);
			runOnlyForDeploymentPostprocessing = 0;
		};
		F37C2F3123C324F600AA92C5 /* Resources */ = {
			isa = PBXResourcesBuildPhase;
			buildActionMask = 2147483647;
			files = (
			);
			runOnlyForDeploymentPostprocessing = 0;
		};
		F37C2F3C23C324F600AA92C5 /* Resources */ = {
			isa = PBXResourcesBuildPhase;
			buildActionMask = 2147483647;
			files = (
			);
			runOnlyForDeploymentPostprocessing = 0;
		};
/* End PBXResourcesBuildPhase section */

/* Begin PBXShellScriptBuildPhase section */
		036C3A6491C86054FA5BE193 /* [CP] Check Pods Manifest.lock */ = {
			isa = PBXShellScriptBuildPhase;
			buildActionMask = 2147483647;
			files = (
			);
			inputFileListPaths = (
			);
			inputPaths = (
				"${PODS_PODFILE_DIR_PATH}/Podfile.lock",
				"${PODS_ROOT}/Manifest.lock",
			);
			name = "[CP] Check Pods Manifest.lock";
			outputFileListPaths = (
			);
			outputPaths = (
				"$(DERIVED_FILE_DIR)/Pods-LSHUDView-checkManifestLockResult.txt",
			);
			runOnlyForDeploymentPostprocessing = 0;
			shellPath = /bin/sh;
			shellScript = "diff \"${PODS_PODFILE_DIR_PATH}/Podfile.lock\" \"${PODS_ROOT}/Manifest.lock\" > /dev/null\nif [ $? != 0 ] ; then\n    # print error to STDERR\n    echo \"error: The sandbox is not in sync with the Podfile.lock. Run 'pod install' or update your CocoaPods installation.\" >&2\n    exit 1\nfi\n# This output is used by Xcode 'outputs' to avoid re-running this script phase.\necho \"SUCCESS\" > \"${SCRIPT_OUTPUT_FILE_0}\"\n";
			showEnvVarsInLog = 0;
		};
		BFC3F42EC2D0C393EB6EEDB5 /* [CP] Embed Pods Frameworks */ = {
			isa = PBXShellScriptBuildPhase;
			buildActionMask = 2147483647;
			files = (
			);
			inputFileListPaths = (
				"${PODS_ROOT}/Target Support Files/Pods-LSHUDView/Pods-LSHUDView-frameworks-${CONFIGURATION}-input-files.xcfilelist",
			);
			name = "[CP] Embed Pods Frameworks";
			outputFileListPaths = (
				"${PODS_ROOT}/Target Support Files/Pods-LSHUDView/Pods-LSHUDView-frameworks-${CONFIGURATION}-output-files.xcfilelist",
			);
			runOnlyForDeploymentPostprocessing = 0;
			shellPath = /bin/sh;
			shellScript = "\"${PODS_ROOT}/Target Support Files/Pods-LSHUDView/Pods-LSHUDView-frameworks.sh\"\n";
			showEnvVarsInLog = 0;
		};
/* End PBXShellScriptBuildPhase section */

/* Begin PBXSourcesBuildPhase section */
		F37C2F1423C324F400AA92C5 /* Sources */ = {
			isa = PBXSourcesBuildPhase;
			buildActionMask = 2147483647;
			files = (
				F37C2F2323C324F400AA92C5 /* ViewController.m in Sources */,
				F37C2F5723C3279400AA92C5 /* LSSuccessView.m in Sources */,
				F37C2F1D23C324F400AA92C5 /* AppDelegate.m in Sources */,
				F37C2F5823C3279400AA92C5 /* LSFailView.m in Sources */,
				F37C2F5923C3279400AA92C5 /* LSHUDView.m in Sources */,
				F37C2F2E23C324F600AA92C5 /* main.m in Sources */,
				F37C2F2023C324F400AA92C5 /* SceneDelegate.m in Sources */,
			);
			runOnlyForDeploymentPostprocessing = 0;
		};
		F37C2F2F23C324F600AA92C5 /* Sources */ = {
			isa = PBXSourcesBuildPhase;
			buildActionMask = 2147483647;
			files = (
				F37C2F3823C324F600AA92C5 /* LSHUDViewTests.m in Sources */,
			);
			runOnlyForDeploymentPostprocessing = 0;
		};
		F37C2F3A23C324F600AA92C5 /* Sources */ = {
			isa = PBXSourcesBuildPhase;
			buildActionMask = 2147483647;
			files = (
				F37C2F4323C324F600AA92C5 /* LSHUDViewUITests.m in Sources */,
			);
			runOnlyForDeploymentPostprocessing = 0;
		};
/* End PBXSourcesBuildPhase section */

/* Begin PBXTargetDependency section */
		F37C2F3523C324F600AA92C5 /* PBXTargetDependency */ = {
			isa = PBXTargetDependency;
			target = F37C2F1723C324F400AA92C5 /* LSHUDView */;
			targetProxy = F37C2F3423C324F600AA92C5 /* PBXContainerItemProxy */;
		};
		F37C2F4023C324F600AA92C5 /* PBXTargetDependency */ = {
			isa = PBXTargetDependency;
			target = F37C2F1723C324F400AA92C5 /* LSHUDView */;
			targetProxy = F37C2F3F23C324F600AA92C5 /* PBXContainerItemProxy */;
		};
/* End PBXTargetDependency section */

/* Begin PBXVariantGroup section */
		F37C2F2423C324F400AA92C5 /* Main.storyboard */ = {
			isa = PBXVariantGroup;
			children = (
				F37C2F2523C324F400AA92C5 /* Base */,
			);
			name = Main.storyboard;
			sourceTree = "<group>";
		};
		F37C2F2923C324F600AA92C5 /* LaunchScreen.storyboard */ = {
			isa = PBXVariantGroup;
			children = (
				F37C2F2A23C324F600AA92C5 /* Base */,
			);
			name = LaunchScreen.storyboard;
			sourceTree = "<group>";
		};
/* End PBXVariantGroup section */

/* Begin XCBuildConfiguration section */
		F37C2F4523C324F600AA92C5 /* Debug */ = {
			isa = XCBuildConfiguration;
			buildSettings = {
				ALWAYS_SEARCH_USER_PATHS = NO;
				CLANG_ANALYZER_NONNULL = YES;
				CLANG_ANALYZER_NUMBER_OBJECT_CONVERSION = YES_AGGRESSIVE;
				CLANG_CXX_LANGUAGE_STANDARD = "gnu++14";
				CLANG_CXX_LIBRARY = "libc++";
				CLANG_ENABLE_MODULES = YES;
				CLANG_ENABLE_OBJC_ARC = YES;
				CLANG_ENABLE_OBJC_WEAK = YES;
				CLANG_WARN_BLOCK_CAPTURE_AUTORELEASING = YES;
				CLANG_WARN_BOOL_CONVERSION = YES;
				CLANG_WARN_COMMA = YES;
				CLANG_WARN_CONSTANT_CONVERSION = YES;
				CLANG_WARN_DEPRECATED_OBJC_IMPLEMENTATIONS = YES;
				CLANG_WARN_DIRECT_OBJC_ISA_USAGE = YES_ERROR;
				CLANG_WARN_DOCUMENTATION_COMMENTS = YES;
				CLANG_WARN_EMPTY_BODY = YES;
				CLANG_WARN_ENUM_CONVERSION = YES;
				CLANG_WARN_INFINITE_RECURSION = YES;
				CLANG_WARN_INT_CONVERSION = YES;
				CLANG_WARN_NON_LITERAL_NULL_CONVERSION = YES;
				CLANG_WARN_OBJC_IMPLICIT_RETAIN_SELF = YES;
				CLANG_WARN_OBJC_LITERAL_CONVERSION = YES;
				CLANG_WARN_OBJC_ROOT_CLASS = YES_ERROR;
				CLANG_WARN_RANGE_LOOP_ANALYSIS = YES;
				CLANG_WARN_STRICT_PROTOTYPES = YES;
				CLANG_WARN_SUSPICIOUS_MOVE = YES;
				CLANG_WARN_UNGUARDED_AVAILABILITY = YES_AGGRESSIVE;
				CLANG_WARN_UNREACHABLE_CODE = YES;
				CLANG_WARN__DUPLICATE_METHOD_MATCH = YES;
				COPY_PHASE_STRIP = NO;
				DEBUG_INFORMATION_FORMAT = dwarf;
				ENABLE_STRICT_OBJC_MSGSEND = YES;
				ENABLE_TESTABILITY = YES;
				GCC_C_LANGUAGE_STANDARD = gnu11;
				GCC_DYNAMIC_NO_PIC = NO;
				GCC_NO_COMMON_BLOCKS = YES;
				GCC_OPTIMIZATION_LEVEL = 0;
				GCC_PREPROCESSOR_DEFINITIONS = (
					"DEBUG=1",
					"$(inherited)",
				);
				GCC_WARN_64_TO_32_BIT_CONVERSION = YES;
				GCC_WARN_ABOUT_RETURN_TYPE = YES_ERROR;
				GCC_WARN_UNDECLARED_SELECTOR = YES;
				GCC_WARN_UNINITIALIZED_AUTOS = YES_AGGRESSIVE;
				GCC_WARN_UNUSED_FUNCTION = YES;
				GCC_WARN_UNUSED_VARIABLE = YES;
				IPHONEOS_DEPLOYMENT_TARGET = 10.0;
				MTL_ENABLE_DEBUG_INFO = INCLUDE_SOURCE;
				MTL_FAST_MATH = YES;
				ONLY_ACTIVE_ARCH = YES;
				SDKROOT = iphoneos;
			};
			name = Debug;
		};
		F37C2F4623C324F600AA92C5 /* Release */ = {
			isa = XCBuildConfiguration;
			buildSettings = {
				ALWAYS_SEARCH_USER_PATHS = NO;
				CLANG_ANALYZER_NONNULL = YES;
				CLANG_ANALYZER_NUMBER_OBJECT_CONVERSION = YES_AGGRESSIVE;
				CLANG_CXX_LANGUAGE_STANDARD = "gnu++14";
				CLANG_CXX_LIBRARY = "libc++";
				CLANG_ENABLE_MODULES = YES;
				CLANG_ENABLE_OBJC_ARC = YES;
				CLANG_ENABLE_OBJC_WEAK = YES;
				CLANG_WARN_BLOCK_CAPTURE_AUTORELEASING = YES;
				CLANG_WARN_BOOL_CONVERSION = YES;
				CLANG_WARN_COMMA = YES;
				CLANG_WARN_CONSTANT_CONVERSION = YES;
				CLANG_WARN_DEPRECATED_OBJC_IMPLEMENTATIONS = YES;
				CLANG_WARN_DIRECT_OBJC_ISA_USAGE = YES_ERROR;
				CLANG_WARN_DOCUMENTATION_COMMENTS = YES;
				CLANG_WARN_EMPTY_BODY = YES;
				CLANG_WARN_ENUM_CONVERSION = YES;
				CLANG_WARN_INFINITE_RECURSION = YES;
				CLANG_WARN_INT_CONVERSION = YES;
				CLANG_WARN_NON_LITERAL_NULL_CONVERSION = YES;
				CLANG_WARN_OBJC_IMPLICIT_RETAIN_SELF = YES;
				CLANG_WARN_OBJC_LITERAL_CONVERSION = YES;
				CLANG_WARN_OBJC_ROOT_CLASS = YES_ERROR;
				CLANG_WARN_RANGE_LOOP_ANALYSIS = YES;
				CLANG_WARN_STRICT_PROTOTYPES = YES;
				CLANG_WARN_SUSPICIOUS_MOVE = YES;
				CLANG_WARN_UNGUARDED_AVAILABILITY = YES_AGGRESSIVE;
				CLANG_WARN_UNREACHABLE_CODE = YES;
				CLANG_WARN__DUPLICATE_METHOD_MATCH = YES;
				COPY_PHASE_STRIP = NO;
				DEBUG_INFORMATION_FORMAT = "dwarf-with-dsym";
				ENABLE_NS_ASSERTIONS = NO;
				ENABLE_STRICT_OBJC_MSGSEND = YES;
				GCC_C_LANGUAGE_STANDARD = gnu11;
				GCC_NO_COMMON_BLOCKS = YES;
				GCC_WARN_64_TO_32_BIT_CONVERSION = YES;
				GCC_WARN_ABOUT_RETURN_TYPE = YES_ERROR;
				GCC_WARN_UNDECLARED_SELECTOR = YES;
				GCC_WARN_UNINITIALIZED_AUTOS = YES_AGGRESSIVE;
				GCC_WARN_UNUSED_FUNCTION = YES;
				GCC_WARN_UNUSED_VARIABLE = YES;
				IPHONEOS_DEPLOYMENT_TARGET = 10.0;
				MTL_ENABLE_DEBUG_INFO = NO;
				MTL_FAST_MATH = YES;
				SDKROOT = iphoneos;
				VALIDATE_PRODUCT = YES;
			};
			name = Release;
		};
		F37C2F4823C324F600AA92C5 /* Debug */ = {
			isa = XCBuildConfiguration;
			baseConfigurationReference = 150616675A22A81E02F5A361 /* Pods-LSHUDView.debug.xcconfig */;
			buildSettings = {
				ASSETCATALOG_COMPILER_APPICON_NAME = AppIcon;
				CODE_SIGN_STYLE = Automatic;
				DEVELOPMENT_TEAM = B35UBSFKSH;
				INFOPLIST_FILE = LSHUDView/Info.plist;
				IPHONEOS_DEPLOYMENT_TARGET = 10.0;
				LD_RUNPATH_SEARCH_PATHS = (
					"$(inherited)",
					"@executable_path/Frameworks",
				);
				PRODUCT_BUNDLE_IDENTIFIER = com.lisi.LSHUDView;
				PRODUCT_NAME = "$(TARGET_NAME)";
				TARGETED_DEVICE_FAMILY = "1,2";
			};
			name = Debug;
		};
		F37C2F4923C324F600AA92C5 /* Release */ = {
			isa = XCBuildConfiguration;
			baseConfigurationReference = A9E45F450F9D2168445FA85A /* Pods-LSHUDView.release.xcconfig */;
			buildSettings = {
				ASSETCATALOG_COMPILER_APPICON_NAME = AppIcon;
				CODE_SIGN_STYLE = Automatic;
				DEVELOPMENT_TEAM = B35UBSFKSH;
				INFOPLIST_FILE = LSHUDView/Info.plist;
				IPHONEOS_DEPLOYMENT_TARGET = 10.0;
				LD_RUNPATH_SEARCH_PATHS = (
					"$(inherited)",
					"@executable_path/Frameworks",
				);
				PRODUCT_BUNDLE_IDENTIFIER = com.lisi.LSHUDView;
				PRODUCT_NAME = "$(TARGET_NAME)";
				TARGETED_DEVICE_FAMILY = "1,2";
			};
			name = Release;
		};
		F37C2F4B23C324F600AA92C5 /* Debug */ = {
			isa = XCBuildConfiguration;
			buildSettings = {
				BUNDLE_LOADER = "$(TEST_HOST)";
				CODE_SIGN_STYLE = Automatic;
				INFOPLIST_FILE = LSHUDViewTests/Info.plist;
				IPHONEOS_DEPLOYMENT_TARGET = 13.2;
				LD_RUNPATH_SEARCH_PATHS = (
					"$(inherited)",
					"@executable_path/Frameworks",
					"@loader_path/Frameworks",
				);
				PRODUCT_BUNDLE_IDENTIFIER = com.lisi.LSHUDViewTests;
				PRODUCT_NAME = "$(TARGET_NAME)";
				TARGETED_DEVICE_FAMILY = "1,2";
				TEST_HOST = "$(BUILT_PRODUCTS_DIR)/LSHUDView.app/LSHUDView";
			};
			name = Debug;
		};
		F37C2F4C23C324F600AA92C5 /* Release */ = {
			isa = XCBuildConfiguration;
			buildSettings = {
				BUNDLE_LOADER = "$(TEST_HOST)";
				CODE_SIGN_STYLE = Automatic;
				INFOPLIST_FILE = LSHUDViewTests/Info.plist;
				IPHONEOS_DEPLOYMENT_TARGET = 13.2;
				LD_RUNPATH_SEARCH_PATHS = (
					"$(inherited)",
					"@executable_path/Frameworks",
					"@loader_path/Frameworks",
				);
				PRODUCT_BUNDLE_IDENTIFIER = com.lisi.LSHUDViewTests;
				PRODUCT_NAME = "$(TARGET_NAME)";
				TARGETED_DEVICE_FAMILY = "1,2";
				TEST_HOST = "$(BUILT_PRODUCTS_DIR)/LSHUDView.app/LSHUDView";
			};
			name = Release;
		};
		F37C2F4E23C324F600AA92C5 /* Debug */ = {
			isa = XCBuildConfiguration;
			buildSettings = {
				CODE_SIGN_STYLE = Automatic;
				INFOPLIST_FILE = LSHUDViewUITests/Info.plist;
				LD_RUNPATH_SEARCH_PATHS = (
					"$(inherited)",
					"@executable_path/Frameworks",
					"@loader_path/Frameworks",
				);
				PRODUCT_BUNDLE_IDENTIFIER = com.lisi.LSHUDViewUITests;
				PRODUCT_NAME = "$(TARGET_NAME)";
				TARGETED_DEVICE_FAMILY = "1,2";
				TEST_TARGET_NAME = LSHUDView;
			};
			name = Debug;
		};
		F37C2F4F23C324F600AA92C5 /* Release */ = {
			isa = XCBuildConfiguration;
			buildSettings = {
				CODE_SIGN_STYLE = Automatic;
				INFOPLIST_FILE = LSHUDViewUITests/Info.plist;
				LD_RUNPATH_SEARCH_PATHS = (
					"$(inherited)",
					"@executable_path/Frameworks",
					"@loader_path/Frameworks",
				);
				PRODUCT_BUNDLE_IDENTIFIER = com.lisi.LSHUDViewUITests;
				PRODUCT_NAME = "$(TARGET_NAME)";
				TARGETED_DEVICE_FAMILY = "1,2";
				TEST_TARGET_NAME = LSHUDView;
			};
			name = Release;
		};
/* End XCBuildConfiguration section */

/* Begin XCConfigurationList section */
		F37C2F1323C324F400AA92C5 /* Build configuration list for PBXProject "LSHUDView" */ = {
			isa = XCConfigurationList;
			buildConfigurations = (
				F37C2F4523C324F600AA92C5 /* Debug */,
				F37C2F4623C324F600AA92C5 /* Release */,
			);
			defaultConfigurationIsVisible = 0;
			defaultConfigurationName = Release;
		};
		F37C2F4723C324F600AA92C5 /* Build configuration list for PBXNativeTarget "LSHUDView" */ = {
			isa = XCConfigurationList;
			buildConfigurations = (
				F37C2F4823C324F600AA92C5 /* Debug */,
				F37C2F4923C324F600AA92C5 /* Release */,
			);
			defaultConfigurationIsVisible = 0;
			defaultConfigurationName = Release;
		};
		F37C2F4A23C324F600AA92C5 /* Build configuration list for PBXNativeTarget "LSHUDViewTests" */ = {
			isa = XCConfigurationList;
			buildConfigurations = (
				F37C2F4B23C324F600AA92C5 /* Debug */,
				F37C2F4C23C324F600AA92C5 /* Release */,
			);
			defaultConfigurationIsVisible = 0;
			defaultConfigurationName = Release;
		};
		F37C2F4D23C324F600AA92C5 /* Build configuration list for PBXNativeTarget "LSHUDViewUITests" */ = {
			isa = XCConfigurationList;
			buildConfigurations = (
				F37C2F4E23C324F600AA92C5 /* Debug */,
				F37C2F4F23C324F600AA92C5 /* Release */,
			);
			defaultConfigurationIsVisible = 0;
			defaultConfigurationName = Release;
		};
/* End XCConfigurationList section */
	};
	rootObject = F37C2F1023C324F400AA92C5 /* Project object */;
}
