PODS:
  - DGActivityIndicatorView (2.1.1)
  - Masonry (1.1.0)

DEPENDENCIES:
  - DGActivityIndicatorView
  - Masonry (= 1.1.0)

SPEC REPOS:
  https://github.com/CocoaPods/Specs.git:
    - DGActivityIndicatorView
    - Masonry

SPEC CHECKSUMS:
  DGActivityIndicatorView: ff2c76073d79692f724863c8dd38685866a03cb6
  Masonry: 678fab65091a9290e40e2832a55e7ab731aad201

PODFILE CHECKSUM: fc3c658637b2086f43596aa7d88290df0857f0ef

COCOAPODS: 1.8.4
